
Microsoft Visual Studio Solution File, Format Version 12.00
# Visual Studio Version 17
VisualStudioVersion = 17.4.33205.214
MinimumVisualStudioVersion = 10.0.40219.1
Project("{9A19103F-16F7-4668-BE54-9A1E7A4F7556}") = "MAVS Projeto Windows Forms", "MAVS Projeto Windows Forms.csproj", "{04E067BE-486A-4938-8399-061A352ED950}"
EndProject
Global
	GlobalSection(SolutionConfigurationPlatforms) = preSolution
		Debug|Any CPU = Debug|Any CPU
		Release|Any CPU = Release|Any CPU
	EndGlobalSection
	GlobalSection(ProjectConfigurationPlatforms) = postSolution
		{04E067BE-486A-4938-8399-061A352ED950}.Debug|Any CPU.ActiveCfg = Debug|Any CPU
		{04E067BE-486A-4938-8399-061A352ED950}.Debug|Any CPU.Build.0 = Debug|Any CPU
		{04E067BE-486A-4938-8399-061A352ED950}.Release|Any CPU.ActiveCfg = Release|Any CPU
		{04E067BE-486A-4938-8399-061A352ED950}.Release|Any CPU.Build.0 = Release|Any CPU
	EndGlobalSection
	GlobalSection(SolutionProperties) = preSolution
		HideSolutionNode = FALSE
	EndGlobalSection
	GlobalSection(ExtensibilityGlobals) = postSolution
		SolutionGuid = {E510E867-D823-40EB-9ECC-38603E866424}
	EndGlobalSection
EndGlobal
